
Microsoft Visual Studio Solution File, Format Version 12.00
# Visual Studio Version 16
VisualStudioVersion = 16.0.29709.97
MinimumVisualStudioVersion = 10.0.40219.1
Project("{FAE04EC0-301F-11D3-BF4B-00C04F79EFBC}") = "WebApplication16", "WebApplication16\WebApplication16.csproj", "{8C689D64-D0C7-4D6A-BB5E-28A892908997}"
EndProject
Global
	GlobalSection(SolutionConfigurationPlatforms) = preSolution
		Debug|Any CPU = Debug|Any CPU
		Release|Any CPU = Release|Any CPU
	EndGlobalSection
	GlobalSection(ProjectConfigurationPlatforms) = postSolution
		{8C689D64-D0C7-4D6A-BB5E-28A892908997}.Debug|Any CPU.ActiveCfg = Debug|Any CPU
		{8C689D64-D0C7-4D6A-BB5E-28A892908997}.Debug|Any CPU.Build.0 = Debug|Any CPU
		{8C689D64-D0C7-4D6A-BB5E-28A892908997}.Release|Any CPU.ActiveCfg = Release|Any CPU
		{8C689D64-D0C7-4D6A-BB5E-28A892908997}.Release|Any CPU.Build.0 = Release|Any CPU
	EndGlobalSection
	GlobalSection(SolutionProperties) = preSolution
		HideSolutionNode = FALSE
	EndGlobalSection
	GlobalSection(ExtensibilityGlobals) = postSolution
		SolutionGuid = {C9262A59-1425-444F-A662-42C532E333A6}
	EndGlobalSection
EndGlobal
